# This file was autogenerated by Stack.
# You should not edit this file by hand.
# For more information, please see the documentation at:
#   https://docs.haskellstack.org/en/stable/lock_files

packages:
- completed:
    hackage: higgledy-0.3.1.0@sha256:fa3e3cb4e92e76b0fa6ce7212e12f8e479ceb1b276a6e8edf152b8c5b6834888,2031
    pantry-tree:
      size: 780
      sha256: be1e99777f5d16f39fb584131ad8a49888d681eb3cc308bf6877d9f123dcbbe0
  original:
    hackage: higgledy-0.3.1.0@sha256:fa3e3cb4e92e76b0fa6ce7212e12f8e479ceb1b276a6e8edf152b8c5b6834888,2031
- completed:
    hackage: amazonka-1.6.1@sha256:d863557379350ed6bbb91187abeb8c349a654f60b140d138710486f58ae7c476,3536
    pantry-tree:
      size: 992
      sha256: 55747f9b56063ea1be73a962e1ce44528b9856e119e2d9f1238397b3112b6e70
  original:
    hackage: amazonka-1.6.1@sha256:d863557379350ed6bbb91187abeb8c349a654f60b140d138710486f58ae7c476,3536
- completed:
    hackage: amazonka-ecs-1.6.1@sha256:8f03589dae4d573a9c0311a8a289a8762ec490ab90ef4d070a7eda7f3489efc5,4247
    pantry-tree:
      size: 7920
      sha256: 71a978e30cde2da14a87732bcefbf4ff0aaec3b463d4bbac84781d07856b0a5b
  original:
    hackage: amazonka-ecs-1.6.1@sha256:8f03589dae4d573a9c0311a8a289a8762ec490ab90ef4d070a7eda7f3489efc5,4247
- completed:
    hackage: amazonka-core-1.6.1@sha256:9bc59ce403c6eeba3b3eaf3f10e5f0b6a33b6edbbf8f6de0dd6f4c67b86fa698,5135
    pantry-tree:
      size: 3438
      sha256: c13e643176308771491ec0e06390e269047bb1b28be4535992842f7426a95eb4
  original:
    hackage: amazonka-core-1.6.1@sha256:9bc59ce403c6eeba3b3eaf3f10e5f0b6a33b6edbbf8f6de0dd6f4c67b86fa698,5135
- completed:
    hackage: amazonka-ec2-1.6.1@sha256:208908e8a30937a3ec640e8b53de2708d805a28c3900dbf447db12a61d9b7a50,16305
    pantry-tree:
      size: 67057
      sha256: e46eaecb67eef0f7bdfa37120e54cc9633c2940cca8be4377eb93eecaa511a96
  original:
    hackage: amazonka-ec2-1.6.1@sha256:208908e8a30937a3ec640e8b53de2708d805a28c3900dbf447db12a61d9b7a50,16305
- completed:
    hackage: amazonka-ssm-1.6.1@sha256:9b1c4673dd4a8f713291fb325c2179daab7cc94a962c8e1fab6968bd572c8148,7854
    pantry-tree:
      size: 25252
      sha256: 14a7382ed189d03aaf35adecece88dfaf6c78829c4fbd16f3db7e0df9f7cb39d
  original:
    hackage: amazonka-ssm-1.6.1@sha256:9b1c4673dd4a8f713291fb325c2179daab7cc94a962c8e1fab6968bd572c8148,7854
- completed:
    hackage: amazonka-rds-1.6.1@sha256:61a7564ed1de0db0752b9b869a8f8b173222ac33b17e417df42cf42567354001,7556
    pantry-tree:
      size: 23683
      sha256: bd22bcae51b078b2a9d42b35863fc47946abee3cfa4128c5ad2e9fce76c80e69
  original:
    hackage: amazonka-rds-1.6.1@sha256:61a7564ed1de0db0752b9b869a8f8b173222ac33b17e417df42cf42567354001,7556
snapshots:
- completed:
    size: 524155
    url: https://raw.githubusercontent.com/commercialhaskell/stackage-snapshots/master/lts/14/19.yaml
    sha256: 9f79f6494473c9b46911364b94c4b5ef19ca8d35ebf62e46697cf651f198ee19
  original: lts-14.19
