# This file was autogenerated by Stack.
# You should not edit this file by hand.
# For more information, please see the documentation at:
#   https://docs.haskellstack.org/en/stable/lock_files

packages:
- completed:
    hackage: higgledy-0.3.1.0@sha256:fa3e3cb4e92e76b0fa6ce7212e12f8e479ceb1b276a6e8edf152b8c5b6834888,2031
    pantry-tree:
      size: 780
      sha256: be1e99777f5d16f39fb584131ad8a49888d681eb3cc308bf6877d9f123dcbbe0
  original:
    hackage: higgledy-0.3.1.0@sha256:fa3e3cb4e92e76b0fa6ce7212e12f8e479ceb1b276a6e8edf152b8c5b6834888,2031
- completed:
    hackage: amazonka-1.6.1@sha256:d863557379350ed6bbb91187abeb8c349a654f60b140d138710486f58ae7c476,3536
    pantry-tree:
      size: 992
      sha256: 55747f9b56063ea1be73a962e1ce44528b9856e119e2d9f1238397b3112b6e70
  original:
    hackage: amazonka-1.6.1@sha256:d863557379350ed6bbb91187abeb8c349a654f60b140d138710486f58ae7c476,3536
- completed:
    hackage: amazonka-ecs-1.6.1@sha256:8f03589dae4d573a9c0311a8a289a8762ec490ab90ef4d070a7eda7f3489efc5,4247
    pantry-tree:
      size: 7920
      sha256: 71a978e30cde2da14a87732bcefbf4ff0aaec3b463d4bbac84781d07856b0a5b
  original:
    hackage: amazonka-ecs-1.6.1@sha256:8f03589dae4d573a9c0311a8a289a8762ec490ab90ef4d070a7eda7f3489efc5,4247
- completed:
    hackage: amazonka-core-1.6.1@sha256:9bc59ce403c6eeba3b3eaf3f10e5f0b6a33b6edbbf8f6de0dd6f4c67b86fa698,5135
    pantry-tree:
      size: 3438
      sha256: c13e643176308771491ec0e06390e269047bb1b28be4535992842f7426a95eb4
  original:
    hackage: amazonka-core-1.6.1@sha256:9bc59ce403c6eeba3b3eaf3f10e5f0b6a33b6edbbf8f6de0dd6f4c67b86fa698,5135
- completed:
    hackage: amazonka-ec2-1.6.1@sha256:208908e8a30937a3ec640e8b53de2708d805a28c3900dbf447db12a61d9b7a50,16305
    pantry-tree:
      size: 67057
      sha256: e46eaecb67eef0f7bdfa37120e54cc9633c2940cca8be4377eb93eecaa511a96
  original:
    hackage: amazonka-ec2-1.6.1@sha256:208908e8a30937a3ec640e8b53de2708d805a28c3900dbf447db12a61d9b7a50,16305
- completed:
    hackage: amazonka-ssm-1.6.1@sha256:9b1c4673dd4a8f713291fb325c2179daab7cc94a962c8e1fab6968bd572c8148,7854
    pantry-tree:
      size: 25252
      sha256: 14a7382ed189d03aaf35adecece88dfaf6c78829c4fbd16f3db7e0df9f7cb39d
  original:
    hackage: amazonka-ssm-1.6.1@sha256:9b1c4673dd4a8f713291fb325c2179daab7cc94a962c8e1fab6968bd572c8148,7854
- completed:
    hackage: amazonka-rds-1.6.1@sha256:61a7564ed1de0db0752b9b869a8f8b173222ac33b17e417df42cf42567354001,7556
    pantry-tree:
      size: 23683
      sha256: bd22bcae51b078b2a9d42b35863fc47946abee3cfa4128c5ad2e9fce76c80e69
  original:
    hackage: amazonka-rds-1.6.1@sha256:61a7564ed1de0db0752b9b869a8f8b173222ac33b17e417df42cf42567354001,7556
- completed:
    hackage: amazonka-ecr-1.6.1@sha256:19f84313590aab45c8d6e810387c06822554967dd799ffbd0f0087a14e921146,3871
    pantry-tree:
      size: 5933
      sha256: c8801ad03003dd1e16fc1c4dec8f9e1157120ddd3f7a9508899ff35e2a39c2f1
  original:
    hackage: amazonka-ecr-1.6.1@sha256:19f84313590aab45c8d6e810387c06822554967dd799ffbd0f0087a14e921146,3871
- completed:
    hackage: git-0.3.0@sha256:dc070840ab24792c9664b9e3e69c9d55d30fc36fee41049c548bb0e8ec83c919,3448
    pantry-tree:
      size: 1900
      sha256: da2861008035f16e43f0c4ea293cec15e04b398c911fa99322d159e19cd0266e
  original:
    hackage: git-0.3.0@sha256:dc070840ab24792c9664b9e3e69c9d55d30fc36fee41049c548bb0e8ec83c919,3448
- completed:
    hackage: dhall-yaml-1.0.3@sha256:500c094997c83587cc96c3fd1ccdef67a610c189cb0b9a8855a673dc121deec2,3385
    pantry-tree:
      size: 1245
      sha256: c51a1d9b3f3b14fd60bb06997e15c70366279eabfb7c6e4f38afe928f3b05389
  original:
    hackage: dhall-yaml-1.0.3@sha256:500c094997c83587cc96c3fd1ccdef67a610c189cb0b9a8855a673dc121deec2,3385
- completed:
    hackage: HsYAML-0.2.1.0@sha256:6e63cbc919543c5a837040f063e96fe0a4e43bef8ab3c057cef8f122396fdc2d,5469
    pantry-tree:
      size: 1340
      sha256: 77d9299977dfbc7836cbbcb51fe890bb70d485d9dd89a3bbe54822635faa8108
  original:
    hackage: HsYAML-0.2.1.0@sha256:6e63cbc919543c5a837040f063e96fe0a4e43bef8ab3c057cef8f122396fdc2d,5469
- completed:
    hackage: HsYAML-aeson-0.2.0.0@sha256:6f9c10b46162fbd1562d89da94b46f3b7e8b5731a71fdb73438a2a251997a490,1853
    pantry-tree:
      size: 234
      sha256: db01d1a92edd78336e0d4a608f0a8153cb8f7612fc8ae9cd45e9014c941d6db9
  original:
    hackage: HsYAML-aeson-0.2.0.0@sha256:6f9c10b46162fbd1562d89da94b46f3b7e8b5731a71fdb73438a2a251997a490,1853
- completed:
    hackage: dhall-1.31.0@sha256:6336eba19ea50c13f1d7b026aea8e1a70c2bee70001b40ae74c04fb48214d85d,33110
    pantry-tree:
      size: 253740
      sha256: 3382be2dc5de92f302beb3c105505c52d6e31960868d5c847a8a789b5d9a6fa8
  original:
    hackage: dhall-1.31.0@sha256:6336eba19ea50c13f1d7b026aea8e1a70c2bee70001b40ae74c04fb48214d85d,33110
- completed:
    hackage: dhall-json-1.6.3@sha256:6d052b86027f14c9342cc54acb32c10b3fe1ac24353f5e389ca5b3719ea95160,4087
    pantry-tree:
      size: 3990
      sha256: 54502db384f8e0df2950b458aaaddea70835b6ce7f87712180914e6a342d5475
  original:
    hackage: dhall-json-1.6.3@sha256:6d052b86027f14c9342cc54acb32c10b3fe1ac24353f5e389ca5b3719ea95160,4087
- completed:
    hackage: aeson-yaml-1.0.6.0@sha256:bdf6d67265d9a3e251122fa53d2f0f19e0b9865d928e5d6efb77d4754ca3f6cb,1975
    pantry-tree:
      size: 451
      sha256: 959322f98d04221b5680efafb75a9009fd3c5a2d737d46330be9c466091619f7
  original:
    hackage: aeson-yaml-1.0.6.0@sha256:bdf6d67265d9a3e251122fa53d2f0f19e0b9865d928e5d6efb77d4754ca3f6cb,1975
- completed:
    hackage: cborg-json-0.2.2.0@sha256:55eb9d8e897ae9fb6c8da7aed882d0c78b326632b1b58966921a1fcde2b88b8d,2035
    pantry-tree:
      size: 328
      sha256: 81b4fcef3ec883911ad44b6e0b8d22a3cb7bd727c710735662e7138d9aa6620e
  original:
    hackage: cborg-json-0.2.2.0@sha256:55eb9d8e897ae9fb6c8da7aed882d0c78b326632b1b58966921a1fcde2b88b8d,2035
- completed:
    hackage: prettyprinter-1.6.1@sha256:11876ec94a79048e1d2942a99bfaa6f2be5222eafeedac6a9545673a79465009,5459
    pantry-tree:
      size: 2194
      sha256: b8ddc48e267da0bc8da3082929b478df80c3c986865394f93e7bc7631c0031cf
  original:
    hackage: prettyprinter-1.6.1@sha256:11876ec94a79048e1d2942a99bfaa6f2be5222eafeedac6a9545673a79465009,5459
- completed:
    hackage: deriving-aeson-0.2.2@sha256:6150cfdd6ae2083249ec387ec4bb808d99a6b730ce093b8920cd788e9e681c73,1210
    pantry-tree:
      size: 441
      sha256: 1178a4b2464f76e1b873215f37f6c72168b5d1100822c60aef01f497202ae9ca
  original:
    hackage: deriving-aeson-0.2.2@sha256:6150cfdd6ae2083249ec387ec4bb808d99a6b730ce093b8920cd788e9e681c73,1210
snapshots:
- completed:
    size: 524155
    url: https://raw.githubusercontent.com/commercialhaskell/stackage-snapshots/master/lts/14/19.yaml
    sha256: 9f79f6494473c9b46911364b94c4b5ef19ca8d35ebf62e46697cf651f198ee19
  original: lts-14.19
